
Microsoft Visual Studio Solution File, Format Version 12.00
# Visual Studio Version 17
VisualStudioVersion = 17.4.33213.308
MinimumVisualStudioVersion = 10.0.40219.1
Project("{9A19103F-16F7-4668-BE54-9A1E7A4F7556}") = "HomeworAspNet2Task1", "HomeworkNetAsp2\HomeworAspNet2Task1.csproj", "{CF5A2DC9-75AC-4CF7-A15C-59BD6CC430AF}"
EndProject
Project("{9A19103F-16F7-4668-BE54-9A1E7A4F7556}") = "HomeworkAspNet2Task2", "HomeworkAspNet2Task2\HomeworkAspNet2Task2.csproj", "{DABE97C7-AC98-438D-B483-344B1E342223}"
EndProject
Global
	GlobalSection(SolutionConfigurationPlatforms) = preSolution
		Debug|Any CPU = Debug|Any CPU
		Release|Any CPU = Release|Any CPU
	EndGlobalSection
	GlobalSection(ProjectConfigurationPlatforms) = postSolution
		{CF5A2DC9-75AC-4CF7-A15C-59BD6CC430AF}.Debug|Any CPU.ActiveCfg = Debug|Any CPU
		{CF5A2DC9-75AC-4CF7-A15C-59BD6CC430AF}.Debug|Any CPU.Build.0 = Debug|Any CPU
		{CF5A2DC9-75AC-4CF7-A15C-59BD6CC430AF}.Release|Any CPU.ActiveCfg = Release|Any CPU
		{CF5A2DC9-75AC-4CF7-A15C-59BD6CC430AF}.Release|Any CPU.Build.0 = Release|Any CPU
		{DABE97C7-AC98-438D-B483-344B1E342223}.Debug|Any CPU.ActiveCfg = Debug|Any CPU
		{DABE97C7-AC98-438D-B483-344B1E342223}.Debug|Any CPU.Build.0 = Debug|Any CPU
		{DABE97C7-AC98-438D-B483-344B1E342223}.Release|Any CPU.ActiveCfg = Release|Any CPU
		{DABE97C7-AC98-438D-B483-344B1E342223}.Release|Any CPU.Build.0 = Release|Any CPU
	EndGlobalSection
	GlobalSection(SolutionProperties) = preSolution
		HideSolutionNode = FALSE
	EndGlobalSection
	GlobalSection(ExtensibilityGlobals) = postSolution
		SolutionGuid = {69627175-BF58-472B-9509-FAD1252951AB}
	EndGlobalSection
EndGlobal
